// !$*UTF8*$!
{
	archiveVersion = 1;
	classes = {
	};
	objectVersion = 50;
	objects = {

/* Begin PBXBuildFile section */
		AEC377AE2D470E6A00F22C38 /* AppDelegate.swift in Sources */ = {isa = PBXBuildFile; fileRef = AEC377AD2D470E6A00F22C38 /* AppDelegate.swift */; };
		AEC377B02D470E6A00F22C38 /* SceneDelegate.swift in Sources */ = {isa = PBXBuildFile; fileRef = AEC377AF2D470E6A00F22C38 /* SceneDelegate.swift */; };
		AEC377B22D470E6A00F22C38 /* ViewController.swift in Sources */ = {isa = PBXBuildFile; fileRef = AEC377B12D470E6A00F22C38 /* ViewController.swift */; };
		AEC377B52D470E6A00F22C38 /* Main.storyboard in Resources */ = {isa = PBXBuildFile; fileRef = AEC377B32D470E6A00F22C38 /* Main.storyboard */; };
		AEC377B72D470E6B00F22C38 /* Assets.xcassets in Resources */ = {isa = PBXBuildFile; fileRef = AEC377B62D470E6B00F22C38 /* Assets.xcassets */; };
		AEC377BA2D470E6B00F22C38 /* LaunchScreen.storyboard in Resources */ = {isa = PBXBuildFile; fileRef = AEC377B82D470E6B00F22C38 /* LaunchScreen.storyboard */; };
/* End PBXBuildFile section */

/* Begin PBXFileReference section */
		AEC377AA2D470E6A00F22C38 /* Primera_Prueba.app */ = {isa = PBXFileReference; explicitFileType = wrapper.application; includeInIndex = 0; path = Primera_Prueba.app; sourceTree = BUILT_PRODUCTS_DIR; };
		AEC377AD2D470E6A00F22C38 /* AppDelegate.swift */ = {isa = PBXFileReference; lastKnownFileType = sourcecode.swift; path = AppDelegate.swift; sourceTree = "<group>"; };
		AEC377AF2D470E6A00F22C38 /* SceneDelegate.swift */ = {isa = PBXFileReference; lastKnownFileType = sourcecode.swift; path = SceneDelegate.swift; sourceTree = "<group>"; };
		AEC377B12D470E6A00F22C38 /* ViewController.swift */ = {isa = PBXFileReference; lastKnownFileType = sourcecode.swift; path = ViewController.swift; sourceTree = "<group>"; };
		AEC377B42D470E6A00F22C38 /* Base */ = {isa = PBXFileReference; lastKnownFileType = file.storyboard; name = Base; path = Base.lproj/Main.storyboard; sourceTree = "<group>"; };
		AEC377B62D470E6B00F22C38 /* Assets.xcassets */ = {isa = PBXFileReference; lastKnownFileType = folder.assetcatalog; path = Assets.xcassets; sourceTree = "<group>"; };
		AEC377B92D470E6B00F22C38 /* Base */ = {isa = PBXFileReference; lastKnownFileType = file.storyboard; name = Base; path = Base.lproj/LaunchScreen.storyboard; sourceTree = "<group>"; };
		AEC377BB2D470E6B00F22C38 /* Info.plist */ = {isa = PBXFileReference; lastKnownFileType = text.plist.xml; path = Info.plist; sourceTree = "<group>"; };
/* End PBXFileReference section */

/* Begin PBXFrameworksBuildPhase section */
		AEC377A72D470E6A00F22C38 /* Frameworks */ = {
			isa = PBXFrameworksBuildPhase;
			buildActionMask = 2147483647;
			files = (
			);
			runOnlyForDeploymentPostprocessing = 0;
		};
/* End PBXFrameworksBuildPhase section */

/* Begin PBXGroup section */
		AEC377A12D470E6A00F22C38 = {
			isa = PBXGroup;
			children = (
				AEC377AC2D470E6A00F22C38 /* Primera_Prueba */,
				AEC377AB2D470E6A00F22C38 /* Products */,
			);
			sourceTree = "<group>";
		};
		AEC377AB2D470E6A00F22C38 /* Products */ = {
			isa = PBXGroup;
			children = (
				AEC377AA2D470E6A00F22C38 /* Primera_Prueba.app */,
			);
			name = Products;
			sourceTree = "<group>";
		};
		AEC377AC2D470E6A00F22C38 /* Primera_Prueba */ = {
			isa = PBXGroup;
			children = (
				AEC377AD2D470E6A00F22C38 /* AppDelegate.swift */,
				AEC377AF2D470E6A00F22C38 /* SceneDelegate.swift */,
				AEC377B12D470E6A00F22C38 /* ViewController.swift */,
				AEC377B32D470E6A00F22C38 /* Main.storyboard */,
				AEC377B62D470E6B00F22C38 /* Assets.xcassets */,
				AEC377B82D470E6B00F22C38 /* LaunchScreen.storyboard */,
				AEC377BB2D470E6B00F22C38 /* Info.plist */,
			);
			path = Primera_Prueba;
			sourceTree = "<group>";
		};
/* End PBXGroup section */

/* Begin PBXNativeTarget section */
		AEC377A92D470E6A00F22C38 /* Primera_Prueba */ = {
			isa = PBXNativeTarget;
			buildConfigurationList = AEC377BE2D470E6B00F22C38 /* Build configuration list for PBXNativeTarget "Primera_Prueba" */;
			buildPhases = (
				AEC377A62D470E6A00F22C38 /* Sources */,
				AEC377A72D470E6A00F22C38 /* Frameworks */,
				AEC377A82D470E6A00F22C38 /* Resources */,
			);
			buildRules = (
			);
			dependencies = (
			);
			name = Primera_Prueba;
			productName = Primera_Prueba;
			productReference = AEC377AA2D470E6A00F22C38 /* Primera_Prueba.app */;
			productType = "com.apple.product-type.application";
		};
/* End PBXNativeTarget section */

/* Begin PBXProject section */
		AEC377A22D470E6A00F22C38 /* Project object */ = {
			isa = PBXProject;
			attributes = {
				LastSwiftUpdateCheck = 1250;
				LastUpgradeCheck = 1250;
				TargetAttributes = {
					AEC377A92D470E6A00F22C38 = {
						CreatedOnToolsVersion = 12.5;
					};
				};
			};
			buildConfigurationList = AEC377A52D470E6A00F22C38 /* Build configuration list for PBXProject "Primera_Prueba" */;
			compatibilityVersion = "Xcode 9.3";
			developmentRegion = en;
			hasScannedForEncodings = 0;
			knownRegions = (
				en,
				Base,
			);
			mainGroup = AEC377A12D470E6A00F22C38;
			productRefGroup = AEC377AB2D470E6A00F22C38 /* Products */;
			projectDirPath = "";
			projectRoot = "";
			targets = (
				AEC377A92D470E6A00F22C38 /* Primera_Prueba */,
			);
		};
/* End PBXProject section */

/* Begin PBXResourcesBuildPhase section */
		AEC377A82D470E6A00F22C38 /* Resources */ = {
			isa = PBXResourcesBuildPhase;
			buildActionMask = 2147483647;
			files = (
				AEC377BA2D470E6B00F22C38 /* LaunchScreen.storyboard in Resources */,
				AEC377B72D470E6B00F22C38 /* Assets.xcassets in Resources */,
				AEC377B52D470E6A00F22C38 /* Main.storyboard in Resources */,
			);
			runOnlyForDeploymentPostprocessing = 0;
		};
/* End PBXResourcesBuildPhase section */

/* Begin PBXSourcesBuildPhase section */
		AEC377A62D470E6A00F22C38 /* Sources */ = {
			isa = PBXSourcesBuildPhase;
			buildActionMask = 2147483647;
			files = (
				AEC377B22D470E6A00F22C38 /* ViewController.swift in Sources */,
				AEC377AE2D470E6A00F22C38 /* AppDelegate.swift in Sources */,
				AEC377B02D470E6A00F22C38 /* SceneDelegate.swift in Sources */,
			);
			runOnlyForDeploymentPostprocessing = 0;
		};
/* End PBXSourcesBuildPhase section */

/* Begin PBXVariantGroup section */
		AEC377B32D470E6A00F22C38 /* Main.storyboard */ = {
			isa = PBXVariantGroup;
			children = (
				AEC377B42D470E6A00F22C38 /* Base */,
			);
			name = Main.storyboard;
			sourceTree = "<group>";
		};
		AEC377B82D470E6B00F22C38 /* LaunchScreen.storyboard */ = {
			isa = PBXVariantGroup;
			children = (
				AEC377B92D470E6B00F22C38 /* Base */,
			);
			name = LaunchScreen.storyboard;
			sourceTree = "<group>";
		};
/* End PBXVariantGroup section */

/* Begin XCBuildConfiguration section */
		AEC377BC2D470E6B00F22C38 /* Debug */ = {
			isa = XCBuildConfiguration;
			buildSettings = {
				ALWAYS_SEARCH_USER_PATHS = NO;
				CLANG_ANALYZER_NONNULL = YES;
				CLANG_ANALYZER_NUMBER_OBJECT_CONVERSION = YES_AGGRESSIVE;
				CLANG_CXX_LANGUAGE_STANDARD = "gnu++14";
				CLANG_CXX_LIBRARY = "libc++";
				CLANG_ENABLE_MODULES = YES;
				CLANG_ENABLE_OBJC_ARC = YES;
				CLANG_ENABLE_OBJC_WEAK = YES;
				CLANG_WARN_BLOCK_CAPTURE_AUTORELEASING = YES;
				CLANG_WARN_BOOL_CONVERSION = YES;
				CLANG_WARN_COMMA = YES;
				CLANG_WARN_CONSTANT_CONVERSION = YES;
				CLANG_WARN_DEPRECATED_OBJC_IMPLEMENTATIONS = YES;
				CLANG_WARN_DIRECT_OBJC_ISA_USAGE = YES_ERROR;
				CLANG_WARN_DOCUMENTATION_COMMENTS = YES;
				CLANG_WARN_EMPTY_BODY = YES;
				CLANG_WARN_ENUM_CONVERSION = YES;
				CLANG_WARN_INFINITE_RECURSION = YES;
				CLANG_WARN_INT_CONVERSION = YES;
				CLANG_WARN_NON_LITERAL_NULL_CONVERSION = YES;
				CLANG_WARN_OBJC_IMPLICIT_RETAIN_SELF = YES;
				CLANG_WARN_OBJC_LITERAL_CONVERSION = YES;
				CLANG_WARN_OBJC_ROOT_CLASS = YES_ERROR;
				CLANG_WARN_QUOTED_INCLUDE_IN_FRAMEWORK_HEADER = YES;
				CLANG_WARN_RANGE_LOOP_ANALYSIS = YES;
				CLANG_WARN_STRICT_PROTOTYPES = YES;
				CLANG_WARN_SUSPICIOUS_MOVE = YES;
				CLANG_WARN_UNGUARDED_AVAILABILITY = YES_AGGRESSIVE;
				CLANG_WARN_UNREACHABLE_CODE = YES;
				CLANG_WARN__DUPLICATE_METHOD_MATCH = YES;
				COPY_PHASE_STRIP = NO;
				DEBUG_INFORMATION_FORMAT = dwarf;
				ENABLE_STRICT_OBJC_MSGSEND = YES;
				ENABLE_TESTABILITY = YES;
				GCC_C_LANGUAGE_STANDARD = gnu11;
				GCC_DYNAMIC_NO_PIC = NO;
				GCC_NO_COMMON_BLOCKS = YES;
				GCC_OPTIMIZATION_LEVEL = 0;
				GCC_PREPROCESSOR_DEFINITIONS = (
					"DEBUG=1",
					"$(inherited)",
				);
				GCC_WARN_64_TO_32_BIT_CONVERSION = YES;
				GCC_WARN_ABOUT_RETURN_TYPE = YES_ERROR;
				GCC_WARN_UNDECLARED_SELECTOR = YES;
				GCC_WARN_UNINITIALIZED_AUTOS = YES_AGGRESSIVE;
				GCC_WARN_UNUSED_FUNCTION = YES;
				GCC_WARN_UNUSED_VARIABLE = YES;
				IPHONEOS_DEPLOYMENT_TARGET = 14.5;
				MTL_ENABLE_DEBUG_INFO = INCLUDE_SOURCE;
				MTL_FAST_MATH = YES;
				ONLY_ACTIVE_ARCH = YES;
				SDKROOT = iphoneos;
				SWIFT_ACTIVE_COMPILATION_CONDITIONS = DEBUG;
				SWIFT_OPTIMIZATION_LEVEL = "-Onone";
			};
			name = Debug;
		};
		AEC377BD2D470E6B00F22C38 /* Release */ = {
			isa = XCBuildConfiguration;
			buildSettings = {
				ALWAYS_SEARCH_USER_PATHS = NO;
				CLANG_ANALYZER_NONNULL = YES;
				CLANG_ANALYZER_NUMBER_OBJECT_CONVERSION = YES_AGGRESSIVE;
				CLANG_CXX_LANGUAGE_STANDARD = "gnu++14";
				CLANG_CXX_LIBRARY = "libc++";
				CLANG_ENABLE_MODULES = YES;
				CLANG_ENABLE_OBJC_ARC = YES;
				CLANG_ENABLE_OBJC_WEAK = YES;
				CLANG_WARN_BLOCK_CAPTURE_AUTORELEASING = YES;
				CLANG_WARN_BOOL_CONVERSION = YES;
				CLANG_WARN_COMMA = YES;
				CLANG_WARN_CONSTANT_CONVERSION = YES;
				CLANG_WARN_DEPRECATED_OBJC_IMPLEMENTATIONS = YES;
				CLANG_WARN_DIRECT_OBJC_ISA_USAGE = YES_ERROR;
				CLANG_WARN_DOCUMENTATION_COMMENTS = YES;
				CLANG_WARN_EMPTY_BODY = YES;
				CLANG_WARN_ENUM_CONVERSION = YES;
				CLANG_WARN_INFINITE_RECURSION = YES;
				CLANG_WARN_INT_CONVERSION = YES;
				CLANG_WARN_NON_LITERAL_NULL_CONVERSION = YES;
				CLANG_WARN_OBJC_IMPLICIT_RETAIN_SELF = YES;
				CLANG_WARN_OBJC_LITERAL_CONVERSION = YES;
				CLANG_WARN_OBJC_ROOT_CLASS = YES_ERROR;
				CLANG_WARN_QUOTED_INCLUDE_IN_FRAMEWORK_HEADER = YES;
				CLANG_WARN_RANGE_LOOP_ANALYSIS = YES;
				CLANG_WARN_STRICT_PROTOTYPES = YES;
				CLANG_WARN_SUSPICIOUS_MOVE = YES;
				CLANG_WARN_UNGUARDED_AVAILABILITY = YES_AGGRESSIVE;
				CLANG_WARN_UNREACHABLE_CODE = YES;
				CLANG_WARN__DUPLICATE_METHOD_MATCH = YES;
				COPY_PHASE_STRIP = NO;
				DEBUG_INFORMATION_FORMAT = "dwarf-with-dsym";
				ENABLE_NS_ASSERTIONS = NO;
				ENABLE_STRICT_OBJC_MSGSEND = YES;
				GCC_C_LANGUAGE_STANDARD = gnu11;
				GCC_NO_COMMON_BLOCKS = YES;
				GCC_WARN_64_TO_32_BIT_CONVERSION = YES;
				GCC_WARN_ABOUT_RETURN_TYPE = YES_ERROR;
				GCC_WARN_UNDECLARED_SELECTOR = YES;
				GCC_WARN_UNINITIALIZED_AUTOS = YES_AGGRESSIVE;
				GCC_WARN_UNUSED_FUNCTION = YES;
				GCC_WARN_UNUSED_VARIABLE = YES;
				IPHONEOS_DEPLOYMENT_TARGET = 14.5;
				MTL_ENABLE_DEBUG_INFO = NO;
				MTL_FAST_MATH = YES;
				SDKROOT = iphoneos;
				SWIFT_COMPILATION_MODE = wholemodule;
				SWIFT_OPTIMIZATION_LEVEL = "-O";
				VALIDATE_PRODUCT = YES;
			};
			name = Release;
		};
		AEC377BF2D470E6B00F22C38 /* Debug */ = {
			isa = XCBuildConfiguration;
			buildSettings = {
				ASSETCATALOG_COMPILER_APPICON_NAME = AppIcon;
				ASSETCATALOG_COMPILER_GLOBAL_ACCENT_COLOR_NAME = AccentColor;
				CODE_SIGN_STYLE = Automatic;
				DEVELOPMENT_TEAM = ZGP3763CJU;
				INFOPLIST_FILE = Primera_Prueba/Info.plist;
				LD_RUNPATH_SEARCH_PATHS = (
					"$(inherited)",
					"@executable_path/Frameworks",
				);
				PRODUCT_BUNDLE_IDENTIFIER = "com.carloshernandez.Primera-Prueba";
				PRODUCT_NAME = "$(TARGET_NAME)";
				SWIFT_VERSION = 5.0;
				TARGETED_DEVICE_FAMILY = "1,2";
			};
			name = Debug;
		};
		AEC377C02D470E6B00F22C38 /* Release */ = {
			isa = XCBuildConfiguration;
			buildSettings = {
				ASSETCATALOG_COMPILER_APPICON_NAME = AppIcon;
				ASSETCATALOG_COMPILER_GLOBAL_ACCENT_COLOR_NAME = AccentColor;
				CODE_SIGN_STYLE = Automatic;
				DEVELOPMENT_TEAM = ZGP3763CJU;
				INFOPLIST_FILE = Primera_Prueba/Info.plist;
				LD_RUNPATH_SEARCH_PATHS = (
					"$(inherited)",
					"@executable_path/Frameworks",
				);
				PRODUCT_BUNDLE_IDENTIFIER = "com.carloshernandez.Primera-Prueba";
				PRODUCT_NAME = "$(TARGET_NAME)";
				SWIFT_VERSION = 5.0;
				TARGETED_DEVICE_FAMILY = "1,2";
			};
			name = Release;
		};
/* End XCBuildConfiguration section */

/* Begin XCConfigurationList section */
		AEC377A52D470E6A00F22C38 /* Build configuration list for PBXProject "Primera_Prueba" */ = {
			isa = XCConfigurationList;
			buildConfigurations = (
				AEC377BC2D470E6B00F22C38 /* Debug */,
				AEC377BD2D470E6B00F22C38 /* Release */,
			);
			defaultConfigurationIsVisible = 0;
			defaultConfigurationName = Release;
		};
		AEC377BE2D470E6B00F22C38 /* Build configuration list for PBXNativeTarget "Primera_Prueba" */ = {
			isa = XCConfigurationList;
			buildConfigurations = (
				AEC377BF2D470E6B00F22C38 /* Debug */,
				AEC377C02D470E6B00F22C38 /* Release */,
			);
			defaultConfigurationIsVisible = 0;
			defaultConfigurationName = Release;
		};
/* End XCConfigurationList section */
	};
	rootObject = AEC377A22D470E6A00F22C38 /* Project object */;
}
